
Microsoft Visual Studio Solution File, Format Version 12.00
# Visual Studio Version 17
VisualStudioVersion = 17.7.34221.43
MinimumVisualStudioVersion = 10.0.40219.1
Project("{FAE04EC0-301F-11D3-BF4B-00C04F79EFBC}") = "Hashtables", "Hashtables.csproj", "{DC96DCFF-8450-4F40-A872-00DCE9E22129}"
EndProject
Global
	GlobalSection(SolutionConfigurationPlatforms) = preSolution
		Debug|Any CPU = Debug|Any CPU
		Release|Any CPU = Release|Any CPU
	EndGlobalSection
	GlobalSection(ProjectConfigurationPlatforms) = postSolution
		{DC96DCFF-8450-4F40-A872-00DCE9E22129}.Debug|Any CPU.ActiveCfg = Debug|Any CPU
		{DC96DCFF-8450-4F40-A872-00DCE9E22129}.Debug|Any CPU.Build.0 = Debug|Any CPU
		{DC96DCFF-8450-4F40-A872-00DCE9E22129}.Release|Any CPU.ActiveCfg = Release|Any CPU
		{DC96DCFF-8450-4F40-A872-00DCE9E22129}.Release|Any CPU.Build.0 = Release|Any CPU
	EndGlobalSection
	GlobalSection(SolutionProperties) = preSolution
		HideSolutionNode = FALSE
	EndGlobalSection
	GlobalSection(ExtensibilityGlobals) = postSolution
		SolutionGuid = {DCCB401C-7BF6-48EC-9A0F-167CB2A3029E}
	EndGlobalSection
EndGlobal
