
Microsoft Visual Studio Solution File, Format Version 12.00
# Visual Studio Version 17
VisualStudioVersion = 17.8.34330.188
MinimumVisualStudioVersion = 10.0.40219.1
Project("{FAE04EC0-301F-11D3-BF4B-00C04F79EFBC}") = "Wpf1", "Wpf1.csproj", "{CE136FAA-4A4E-4E49-88EC-9AF3F3A556BA}"
EndProject
Global
	GlobalSection(SolutionConfigurationPlatforms) = preSolution
		Debug|Any CPU = Debug|Any CPU
		Release|Any CPU = Release|Any CPU
	EndGlobalSection
	GlobalSection(ProjectConfigurationPlatforms) = postSolution
		{CE136FAA-4A4E-4E49-88EC-9AF3F3A556BA}.Debug|Any CPU.ActiveCfg = Debug|Any CPU
		{CE136FAA-4A4E-4E49-88EC-9AF3F3A556BA}.Debug|Any CPU.Build.0 = Debug|Any CPU
		{CE136FAA-4A4E-4E49-88EC-9AF3F3A556BA}.Release|Any CPU.ActiveCfg = Release|Any CPU
		{CE136FAA-4A4E-4E49-88EC-9AF3F3A556BA}.Release|Any CPU.Build.0 = Release|Any CPU
	EndGlobalSection
	GlobalSection(SolutionProperties) = preSolution
		HideSolutionNode = FALSE
	EndGlobalSection
	GlobalSection(ExtensibilityGlobals) = postSolution
		SolutionGuid = {C46D5DC3-0ECE-49FA-AAE9-D83DAB54CBC5}
	EndGlobalSection
EndGlobal
