
Microsoft Visual Studio Solution File, Format Version 12.00
# Visual Studio Version 17
VisualStudioVersion = 17.7.34221.43
MinimumVisualStudioVersion = 10.0.40219.1
Project("{FAE04EC0-301F-11D3-BF4B-00C04F79EFBC}") = "ForEach_Loop", "ForEach_Loop.csproj", "{0C9A0801-8ACF-49FC-9FEB-D0D24A868DCD}"
EndProject
Global
	GlobalSection(SolutionConfigurationPlatforms) = preSolution
		Debug|Any CPU = Debug|Any CPU
		Release|Any CPU = Release|Any CPU
	EndGlobalSection
	GlobalSection(ProjectConfigurationPlatforms) = postSolution
		{0C9A0801-8ACF-49FC-9FEB-D0D24A868DCD}.Debug|Any CPU.ActiveCfg = Debug|Any CPU
		{0C9A0801-8ACF-49FC-9FEB-D0D24A868DCD}.Debug|Any CPU.Build.0 = Debug|Any CPU
		{0C9A0801-8ACF-49FC-9FEB-D0D24A868DCD}.Release|Any CPU.ActiveCfg = Release|Any CPU
		{0C9A0801-8ACF-49FC-9FEB-D0D24A868DCD}.Release|Any CPU.Build.0 = Release|Any CPU
	EndGlobalSection
	GlobalSection(SolutionProperties) = preSolution
		HideSolutionNode = FALSE
	EndGlobalSection
	GlobalSection(ExtensibilityGlobals) = postSolution
		SolutionGuid = {ACD0398B-803E-468C-ACA8-E777C226908E}
	EndGlobalSection
EndGlobal
