
Microsoft Visual Studio Solution File, Format Version 12.00
# Visual Studio Version 17
VisualStudioVersion = 17.5.002.0
MinimumVisualStudioVersion = 10.0.40219.1
Project("{2150E333-8FDC-42A3-9474-1A3956D46DE8}") = "1. Data Types and Var", "1. Data Types and Var", "{58950080-090D-46DF-9112-0196752A88C1}"
EndProject
Project("{9A19103F-16F7-4668-BE54-9A1E7A4F7556}") = "challenge_1", "1. Data Types and Var\challenge_1\challenge_1.csproj", "{5784F713-7556-48DB-AE5B-1441A7725146}"
EndProject
Project("{9A19103F-16F7-4668-BE54-9A1E7A4F7556}") = "challenge_2", "1. Data Types and Var\challenge_2\challenge_2.csproj", "{3B5CD9C9-4952-4827-AFAF-A7FA6A7195D5}"
EndProject
Project("{9A19103F-16F7-4668-BE54-9A1E7A4F7556}") = "challenge_3", "1. Data Types and Var\challenge_3\challenge_3.csproj", "{AD26C8BC-50D7-4DBF-AA1C-063727ED4266}"
EndProject
Project("{9A19103F-16F7-4668-BE54-9A1E7A4F7556}") = "constant_keyword", "1. Data Types and Var\constant_keyword\constant_keyword.csproj", "{1288AB14-8A9E-40D6-B8AA-0CB808FA3EF8}"
EndProject
Project("{9A19103F-16F7-4668-BE54-9A1E7A4F7556}") = "conversion", "1. Data Types and Var\conversion\conversion.csproj", "{AEF5BC8D-D7D9-4372-A750-4B2DA48A9ECA}"
EndProject
Project("{9A19103F-16F7-4668-BE54-9A1E7A4F7556}") = "conversion2", "1. Data Types and Var\conversion2\conversion2.csproj", "{8109894A-9E5E-429A-9CAB-9D6073BA7602}"
EndProject
Project("{9A19103F-16F7-4668-BE54-9A1E7A4F7556}") = "Data_types", "1. Data Types and Var\Data_types\Data_types.csproj", "{E02685AC-3156-49D4-AAA0-5BD6737465F3}"
EndProject
Project("{9A19103F-16F7-4668-BE54-9A1E7A4F7556}") = "special_characters", "1. Data Types and Var\special_characters\special_characters.csproj", "{24E2BCA5-9D41-4113-9AA3-38BB05666884}"
EndProject
Project("{9A19103F-16F7-4668-BE54-9A1E7A4F7556}") = "string_manipulation", "1. Data Types and Var\string_manipulation\string_manipulation.csproj", "{1B954A55-BED5-4193-905B-FB71380A9E5A}"
EndProject
Project("{9A19103F-16F7-4668-BE54-9A1E7A4F7556}") = "string_methods", "1. Data Types and Var\string_methods\string_methods.csproj", "{0AE908D3-4977-4B0B-82AA-7EA3DEC3F705}"
EndProject
Project("{9A19103F-16F7-4668-BE54-9A1E7A4F7556}") = "user_input", "1. Data Types and Var\user_input\user_input.csproj", "{B6C762FC-A5EC-46E3-A4AE-EAC37843A65C}"
EndProject
Project("{9A19103F-16F7-4668-BE54-9A1E7A4F7556}") = "var_keyword", "1. Data Types and Var\var_keyword\var_keyword.csproj", "{6CC19293-85EF-41E1-A990-6216C2D849F4}"
EndProject
Project("{2150E333-8FDC-42A3-9474-1A3956D46DE8}") = "2. Function and Methods", "2. Function and Methods", "{98F07B9C-44DD-407A-A019-486DBA1DF1BF}"
EndProject
Project("{9A19103F-16F7-4668-BE54-9A1E7A4F7556}") = "challenge_1", "2. Function and Methods\challenge_1\challenge_1.csproj", "{4D8CDF48-EF26-4A4A-A2F2-829578E33FAC}"
EndProject
Project("{9A19103F-16F7-4668-BE54-9A1E7A4F7556}") = "challenge_2", "2. Function and Methods\challenge_2\challenge_2.csproj", "{447012A5-C6D3-4197-9653-F701A128392A}"
EndProject
Project("{9A19103F-16F7-4668-BE54-9A1E7A4F7556}") = "Operator", "2. Function and Methods\Operator\Operator.csproj", "{F194FE5B-D8A1-4E9F-A4FD-25DC756A05A0}"
EndProject
Project("{9A19103F-16F7-4668-BE54-9A1E7A4F7556}") = "return_method", "2. Function and Methods\return_method\return_method.csproj", "{C5FB90CA-53F7-4480-BBED-A5E8E711B337}"
EndProject
Project("{9A19103F-16F7-4668-BE54-9A1E7A4F7556}") = "try_catch", "2. Function and Methods\try_catch\try_catch.csproj", "{F6EC8561-CE63-45F1-A1B4-9FF8E4BD8FCB}"
EndProject
Project("{9A19103F-16F7-4668-BE54-9A1E7A4F7556}") = "user_input", "2. Function and Methods\user_input\user_input.csproj", "{2335072E-82D4-497B-9938-8E0EE1433B8F}"
EndProject
Project("{9A19103F-16F7-4668-BE54-9A1E7A4F7556}") = "void_method", "2. Function and Methods\void_method\void_method.csproj", "{F3159312-1AF2-47C5-A14D-16202B73029B}"
EndProject
Project("{2150E333-8FDC-42A3-9474-1A3956D46DE8}") = "3. Decisions", "3. Decisions", "{1D09765B-7C08-41F8-8A73-FCE95DC5520D}"
EndProject
Project("{9A19103F-16F7-4668-BE54-9A1E7A4F7556}") = "challenge_1", "3. Decisions\challenge_1\challenge_1.csproj", "{61B49A10-47EF-43CE-9B1B-F3CD92604EE6}"
EndProject
Project("{9A19103F-16F7-4668-BE54-9A1E7A4F7556}") = "challenge_2", "3. Decisions\challenge_2\challenge_2.csproj", "{427D8950-ED3E-4877-BCB9-E91C62299229}"
EndProject
Project("{9A19103F-16F7-4668-BE54-9A1E7A4F7556}") = "challenge_3", "3. Decisions\challenge_3\challenge_3.csproj", "{17B691E4-1C10-494B-8868-0BBB36469D96}"
EndProject
Project("{9A19103F-16F7-4668-BE54-9A1E7A4F7556}") = "challenge_4", "3. Decisions\challenge_4\challenge_4.csproj", "{C09E3CB2-63B9-43F7-9672-A2C39B50D848}"
EndProject
Project("{9A19103F-16F7-4668-BE54-9A1E7A4F7556}") = "challenge_5", "3. Decisions\challenge_5\challenge_5.csproj", "{0BF50AE5-0D69-4A03-867B-E569561422BD}"
EndProject
Project("{9A19103F-16F7-4668-BE54-9A1E7A4F7556}") = "If_Enhanced", "3. Decisions\If_Enhanced\If_Enhanced.csproj", "{BFDDD623-730C-40AF-8891-D6410C2CB522}"
EndProject
Project("{9A19103F-16F7-4668-BE54-9A1E7A4F7556}") = "If_Statement", "3. Decisions\If_Statement\If_Statement.csproj", "{CEF396F4-B9F5-449D-A71B-5274973DBB3D}"
EndProject
Project("{9A19103F-16F7-4668-BE54-9A1E7A4F7556}") = "Nested_If", "3. Decisions\Nested_If\Nested_If.csproj", "{09F47C7C-6C62-43D2-A620-8A47B236D799}"
EndProject
Project("{9A19103F-16F7-4668-BE54-9A1E7A4F7556}") = "switch_statement", "3. Decisions\switch_statement\switch_statement.csproj", "{270A363A-5585-4438-9DA2-6B93BEFE2075}"
EndProject
Project("{9A19103F-16F7-4668-BE54-9A1E7A4F7556}") = "Try_parse", "3. Decisions\Try_parse\Try_parse.csproj", "{4150E9D3-A0CF-4D9C-8857-418D2C5A01AC}"
EndProject
Project("{2150E333-8FDC-42A3-9474-1A3956D46DE8}") = "4. Loop", "4. Loop", "{83FF01D5-0410-48B7-A0A8-3D5241F2141F}"
EndProject
Project("{9A19103F-16F7-4668-BE54-9A1E7A4F7556}") = "Break_Continue", "4. Loop\Break_Continue\Break_Continue.csproj", "{4561C8F1-14D4-4562-869B-C7B582A4985E}"
EndProject
Project("{9A19103F-16F7-4668-BE54-9A1E7A4F7556}") = "challenge_1", "4. Loop\challenge_1\challenge_1.csproj", "{FECB7F29-91FB-4A50-8B9E-C563D66C53F4}"
EndProject
Project("{9A19103F-16F7-4668-BE54-9A1E7A4F7556}") = "challenge_2", "4. Loop\challenge_2\challenge_2.csproj", "{627A354C-4083-4B6C-B70A-7C99C82BA075}"
EndProject
Project("{9A19103F-16F7-4668-BE54-9A1E7A4F7556}") = "challenge_3", "4. Loop\challenge_3\challenge_3.csproj", "{122EC922-3117-4290-8CEA-A3AF30EDDDF0}"
EndProject
Project("{9A19103F-16F7-4668-BE54-9A1E7A4F7556}") = "Do_While_Loop", "4. Loop\Do_While_Loop\Do_While_Loop.csproj", "{4E44FC43-3CF1-422F-974F-1BAF7F3E131D}"
EndProject
Project("{9A19103F-16F7-4668-BE54-9A1E7A4F7556}") = "For_Loop", "4. Loop\For_Loop\For_Loop.csproj", "{5FAB3D2E-53C5-4006-A105-FBDA24B227F6}"
EndProject
Project("{9A19103F-16F7-4668-BE54-9A1E7A4F7556}") = "While_Loop", "4. Loop\While_Loop\While_Loop.csproj", "{0043F145-FA33-4A00-AFBA-5B260F514D89}"
EndProject
Global
	GlobalSection(SolutionConfigurationPlatforms) = preSolution
		Debug|Any CPU = Debug|Any CPU
		Release|Any CPU = Release|Any CPU
	EndGlobalSection
	GlobalSection(ProjectConfigurationPlatforms) = postSolution
		{5784F713-7556-48DB-AE5B-1441A7725146}.Debug|Any CPU.ActiveCfg = Debug|Any CPU
		{5784F713-7556-48DB-AE5B-1441A7725146}.Debug|Any CPU.Build.0 = Debug|Any CPU
		{5784F713-7556-48DB-AE5B-1441A7725146}.Release|Any CPU.ActiveCfg = Release|Any CPU
		{5784F713-7556-48DB-AE5B-1441A7725146}.Release|Any CPU.Build.0 = Release|Any CPU
		{3B5CD9C9-4952-4827-AFAF-A7FA6A7195D5}.Debug|Any CPU.ActiveCfg = Debug|Any CPU
		{3B5CD9C9-4952-4827-AFAF-A7FA6A7195D5}.Debug|Any CPU.Build.0 = Debug|Any CPU
		{3B5CD9C9-4952-4827-AFAF-A7FA6A7195D5}.Release|Any CPU.ActiveCfg = Release|Any CPU
		{3B5CD9C9-4952-4827-AFAF-A7FA6A7195D5}.Release|Any CPU.Build.0 = Release|Any CPU
		{AD26C8BC-50D7-4DBF-AA1C-063727ED4266}.Debug|Any CPU.ActiveCfg = Debug|Any CPU
		{AD26C8BC-50D7-4DBF-AA1C-063727ED4266}.Debug|Any CPU.Build.0 = Debug|Any CPU
		{AD26C8BC-50D7-4DBF-AA1C-063727ED4266}.Release|Any CPU.ActiveCfg = Release|Any CPU
		{AD26C8BC-50D7-4DBF-AA1C-063727ED4266}.Release|Any CPU.Build.0 = Release|Any CPU
		{1288AB14-8A9E-40D6-B8AA-0CB808FA3EF8}.Debug|Any CPU.ActiveCfg = Debug|Any CPU
		{1288AB14-8A9E-40D6-B8AA-0CB808FA3EF8}.Debug|Any CPU.Build.0 = Debug|Any CPU
		{1288AB14-8A9E-40D6-B8AA-0CB808FA3EF8}.Release|Any CPU.ActiveCfg = Release|Any CPU
		{1288AB14-8A9E-40D6-B8AA-0CB808FA3EF8}.Release|Any CPU.Build.0 = Release|Any CPU
		{AEF5BC8D-D7D9-4372-A750-4B2DA48A9ECA}.Debug|Any CPU.ActiveCfg = Debug|Any CPU
		{AEF5BC8D-D7D9-4372-A750-4B2DA48A9ECA}.Debug|Any CPU.Build.0 = Debug|Any CPU
		{AEF5BC8D-D7D9-4372-A750-4B2DA48A9ECA}.Release|Any CPU.ActiveCfg = Release|Any CPU
		{AEF5BC8D-D7D9-4372-A750-4B2DA48A9ECA}.Release|Any CPU.Build.0 = Release|Any CPU
		{8109894A-9E5E-429A-9CAB-9D6073BA7602}.Debug|Any CPU.ActiveCfg = Debug|Any CPU
		{8109894A-9E5E-429A-9CAB-9D6073BA7602}.Debug|Any CPU.Build.0 = Debug|Any CPU
		{8109894A-9E5E-429A-9CAB-9D6073BA7602}.Release|Any CPU.ActiveCfg = Release|Any CPU
		{8109894A-9E5E-429A-9CAB-9D6073BA7602}.Release|Any CPU.Build.0 = Release|Any CPU
		{E02685AC-3156-49D4-AAA0-5BD6737465F3}.Debug|Any CPU.ActiveCfg = Debug|Any CPU
		{E02685AC-3156-49D4-AAA0-5BD6737465F3}.Debug|Any CPU.Build.0 = Debug|Any CPU
		{E02685AC-3156-49D4-AAA0-5BD6737465F3}.Release|Any CPU.ActiveCfg = Release|Any CPU
		{E02685AC-3156-49D4-AAA0-5BD6737465F3}.Release|Any CPU.Build.0 = Release|Any CPU
		{24E2BCA5-9D41-4113-9AA3-38BB05666884}.Debug|Any CPU.ActiveCfg = Debug|Any CPU
		{24E2BCA5-9D41-4113-9AA3-38BB05666884}.Debug|Any CPU.Build.0 = Debug|Any CPU
		{24E2BCA5-9D41-4113-9AA3-38BB05666884}.Release|Any CPU.ActiveCfg = Release|Any CPU
		{24E2BCA5-9D41-4113-9AA3-38BB05666884}.Release|Any CPU.Build.0 = Release|Any CPU
		{1B954A55-BED5-4193-905B-FB71380A9E5A}.Debug|Any CPU.ActiveCfg = Debug|Any CPU
		{1B954A55-BED5-4193-905B-FB71380A9E5A}.Debug|Any CPU.Build.0 = Debug|Any CPU
		{1B954A55-BED5-4193-905B-FB71380A9E5A}.Release|Any CPU.ActiveCfg = Release|Any CPU
		{1B954A55-BED5-4193-905B-FB71380A9E5A}.Release|Any CPU.Build.0 = Release|Any CPU
		{0AE908D3-4977-4B0B-82AA-7EA3DEC3F705}.Debug|Any CPU.ActiveCfg = Debug|Any CPU
		{0AE908D3-4977-4B0B-82AA-7EA3DEC3F705}.Debug|Any CPU.Build.0 = Debug|Any CPU
		{0AE908D3-4977-4B0B-82AA-7EA3DEC3F705}.Release|Any CPU.ActiveCfg = Release|Any CPU
		{0AE908D3-4977-4B0B-82AA-7EA3DEC3F705}.Release|Any CPU.Build.0 = Release|Any CPU
		{B6C762FC-A5EC-46E3-A4AE-EAC37843A65C}.Debug|Any CPU.ActiveCfg = Debug|Any CPU
		{B6C762FC-A5EC-46E3-A4AE-EAC37843A65C}.Debug|Any CPU.Build.0 = Debug|Any CPU
		{B6C762FC-A5EC-46E3-A4AE-EAC37843A65C}.Release|Any CPU.ActiveCfg = Release|Any CPU
		{B6C762FC-A5EC-46E3-A4AE-EAC37843A65C}.Release|Any CPU.Build.0 = Release|Any CPU
		{6CC19293-85EF-41E1-A990-6216C2D849F4}.Debug|Any CPU.ActiveCfg = Debug|Any CPU
		{6CC19293-85EF-41E1-A990-6216C2D849F4}.Debug|Any CPU.Build.0 = Debug|Any CPU
		{6CC19293-85EF-41E1-A990-6216C2D849F4}.Release|Any CPU.ActiveCfg = Release|Any CPU
		{6CC19293-85EF-41E1-A990-6216C2D849F4}.Release|Any CPU.Build.0 = Release|Any CPU
		{4D8CDF48-EF26-4A4A-A2F2-829578E33FAC}.Debug|Any CPU.ActiveCfg = Debug|Any CPU
		{4D8CDF48-EF26-4A4A-A2F2-829578E33FAC}.Debug|Any CPU.Build.0 = Debug|Any CPU
		{4D8CDF48-EF26-4A4A-A2F2-829578E33FAC}.Release|Any CPU.ActiveCfg = Release|Any CPU
		{4D8CDF48-EF26-4A4A-A2F2-829578E33FAC}.Release|Any CPU.Build.0 = Release|Any CPU
		{447012A5-C6D3-4197-9653-F701A128392A}.Debug|Any CPU.ActiveCfg = Debug|Any CPU
		{447012A5-C6D3-4197-9653-F701A128392A}.Debug|Any CPU.Build.0 = Debug|Any CPU
		{447012A5-C6D3-4197-9653-F701A128392A}.Release|Any CPU.ActiveCfg = Release|Any CPU
		{447012A5-C6D3-4197-9653-F701A128392A}.Release|Any CPU.Build.0 = Release|Any CPU
		{F194FE5B-D8A1-4E9F-A4FD-25DC756A05A0}.Debug|Any CPU.ActiveCfg = Debug|Any CPU
		{F194FE5B-D8A1-4E9F-A4FD-25DC756A05A0}.Debug|Any CPU.Build.0 = Debug|Any CPU
		{F194FE5B-D8A1-4E9F-A4FD-25DC756A05A0}.Release|Any CPU.ActiveCfg = Release|Any CPU
		{F194FE5B-D8A1-4E9F-A4FD-25DC756A05A0}.Release|Any CPU.Build.0 = Release|Any CPU
		{C5FB90CA-53F7-4480-BBED-A5E8E711B337}.Debug|Any CPU.ActiveCfg = Debug|Any CPU
		{C5FB90CA-53F7-4480-BBED-A5E8E711B337}.Debug|Any CPU.Build.0 = Debug|Any CPU
		{C5FB90CA-53F7-4480-BBED-A5E8E711B337}.Release|Any CPU.ActiveCfg = Release|Any CPU
		{C5FB90CA-53F7-4480-BBED-A5E8E711B337}.Release|Any CPU.Build.0 = Release|Any CPU
		{F6EC8561-CE63-45F1-A1B4-9FF8E4BD8FCB}.Debug|Any CPU.ActiveCfg = Debug|Any CPU
		{F6EC8561-CE63-45F1-A1B4-9FF8E4BD8FCB}.Debug|Any CPU.Build.0 = Debug|Any CPU
		{F6EC8561-CE63-45F1-A1B4-9FF8E4BD8FCB}.Release|Any CPU.ActiveCfg = Release|Any CPU
		{F6EC8561-CE63-45F1-A1B4-9FF8E4BD8FCB}.Release|Any CPU.Build.0 = Release|Any CPU
		{2335072E-82D4-497B-9938-8E0EE1433B8F}.Debug|Any CPU.ActiveCfg = Debug|Any CPU
		{2335072E-82D4-497B-9938-8E0EE1433B8F}.Debug|Any CPU.Build.0 = Debug|Any CPU
		{2335072E-82D4-497B-9938-8E0EE1433B8F}.Release|Any CPU.ActiveCfg = Release|Any CPU
		{2335072E-82D4-497B-9938-8E0EE1433B8F}.Release|Any CPU.Build.0 = Release|Any CPU
		{F3159312-1AF2-47C5-A14D-16202B73029B}.Debug|Any CPU.ActiveCfg = Debug|Any CPU
		{F3159312-1AF2-47C5-A14D-16202B73029B}.Debug|Any CPU.Build.0 = Debug|Any CPU
		{F3159312-1AF2-47C5-A14D-16202B73029B}.Release|Any CPU.ActiveCfg = Release|Any CPU
		{F3159312-1AF2-47C5-A14D-16202B73029B}.Release|Any CPU.Build.0 = Release|Any CPU
		{61B49A10-47EF-43CE-9B1B-F3CD92604EE6}.Debug|Any CPU.ActiveCfg = Debug|Any CPU
		{61B49A10-47EF-43CE-9B1B-F3CD92604EE6}.Debug|Any CPU.Build.0 = Debug|Any CPU
		{61B49A10-47EF-43CE-9B1B-F3CD92604EE6}.Release|Any CPU.ActiveCfg = Release|Any CPU
		{61B49A10-47EF-43CE-9B1B-F3CD92604EE6}.Release|Any CPU.Build.0 = Release|Any CPU
		{427D8950-ED3E-4877-BCB9-E91C62299229}.Debug|Any CPU.ActiveCfg = Debug|Any CPU
		{427D8950-ED3E-4877-BCB9-E91C62299229}.Debug|Any CPU.Build.0 = Debug|Any CPU
		{427D8950-ED3E-4877-BCB9-E91C62299229}.Release|Any CPU.ActiveCfg = Release|Any CPU
		{427D8950-ED3E-4877-BCB9-E91C62299229}.Release|Any CPU.Build.0 = Release|Any CPU
		{17B691E4-1C10-494B-8868-0BBB36469D96}.Debug|Any CPU.ActiveCfg = Debug|Any CPU
		{17B691E4-1C10-494B-8868-0BBB36469D96}.Debug|Any CPU.Build.0 = Debug|Any CPU
		{17B691E4-1C10-494B-8868-0BBB36469D96}.Release|Any CPU.ActiveCfg = Release|Any CPU
		{17B691E4-1C10-494B-8868-0BBB36469D96}.Release|Any CPU.Build.0 = Release|Any CPU
		{C09E3CB2-63B9-43F7-9672-A2C39B50D848}.Debug|Any CPU.ActiveCfg = Debug|Any CPU
		{C09E3CB2-63B9-43F7-9672-A2C39B50D848}.Debug|Any CPU.Build.0 = Debug|Any CPU
		{C09E3CB2-63B9-43F7-9672-A2C39B50D848}.Release|Any CPU.ActiveCfg = Release|Any CPU
		{C09E3CB2-63B9-43F7-9672-A2C39B50D848}.Release|Any CPU.Build.0 = Release|Any CPU
		{0BF50AE5-0D69-4A03-867B-E569561422BD}.Debug|Any CPU.ActiveCfg = Debug|Any CPU
		{0BF50AE5-0D69-4A03-867B-E569561422BD}.Debug|Any CPU.Build.0 = Debug|Any CPU
		{0BF50AE5-0D69-4A03-867B-E569561422BD}.Release|Any CPU.ActiveCfg = Release|Any CPU
		{0BF50AE5-0D69-4A03-867B-E569561422BD}.Release|Any CPU.Build.0 = Release|Any CPU
		{BFDDD623-730C-40AF-8891-D6410C2CB522}.Debug|Any CPU.ActiveCfg = Debug|Any CPU
		{BFDDD623-730C-40AF-8891-D6410C2CB522}.Debug|Any CPU.Build.0 = Debug|Any CPU
		{BFDDD623-730C-40AF-8891-D6410C2CB522}.Release|Any CPU.ActiveCfg = Release|Any CPU
		{BFDDD623-730C-40AF-8891-D6410C2CB522}.Release|Any CPU.Build.0 = Release|Any CPU
		{CEF396F4-B9F5-449D-A71B-5274973DBB3D}.Debug|Any CPU.ActiveCfg = Debug|Any CPU
		{CEF396F4-B9F5-449D-A71B-5274973DBB3D}.Debug|Any CPU.Build.0 = Debug|Any CPU
		{CEF396F4-B9F5-449D-A71B-5274973DBB3D}.Release|Any CPU.ActiveCfg = Release|Any CPU
		{CEF396F4-B9F5-449D-A71B-5274973DBB3D}.Release|Any CPU.Build.0 = Release|Any CPU
		{09F47C7C-6C62-43D2-A620-8A47B236D799}.Debug|Any CPU.ActiveCfg = Debug|Any CPU
		{09F47C7C-6C62-43D2-A620-8A47B236D799}.Debug|Any CPU.Build.0 = Debug|Any CPU
		{09F47C7C-6C62-43D2-A620-8A47B236D799}.Release|Any CPU.ActiveCfg = Release|Any CPU
		{09F47C7C-6C62-43D2-A620-8A47B236D799}.Release|Any CPU.Build.0 = Release|Any CPU
		{270A363A-5585-4438-9DA2-6B93BEFE2075}.Debug|Any CPU.ActiveCfg = Debug|Any CPU
		{270A363A-5585-4438-9DA2-6B93BEFE2075}.Debug|Any CPU.Build.0 = Debug|Any CPU
		{270A363A-5585-4438-9DA2-6B93BEFE2075}.Release|Any CPU.ActiveCfg = Release|Any CPU
		{270A363A-5585-4438-9DA2-6B93BEFE2075}.Release|Any CPU.Build.0 = Release|Any CPU
		{4150E9D3-A0CF-4D9C-8857-418D2C5A01AC}.Debug|Any CPU.ActiveCfg = Debug|Any CPU
		{4150E9D3-A0CF-4D9C-8857-418D2C5A01AC}.Debug|Any CPU.Build.0 = Debug|Any CPU
		{4150E9D3-A0CF-4D9C-8857-418D2C5A01AC}.Release|Any CPU.ActiveCfg = Release|Any CPU
		{4150E9D3-A0CF-4D9C-8857-418D2C5A01AC}.Release|Any CPU.Build.0 = Release|Any CPU
		{4561C8F1-14D4-4562-869B-C7B582A4985E}.Debug|Any CPU.ActiveCfg = Debug|Any CPU
		{4561C8F1-14D4-4562-869B-C7B582A4985E}.Debug|Any CPU.Build.0 = Debug|Any CPU
		{4561C8F1-14D4-4562-869B-C7B582A4985E}.Release|Any CPU.ActiveCfg = Release|Any CPU
		{4561C8F1-14D4-4562-869B-C7B582A4985E}.Release|Any CPU.Build.0 = Release|Any CPU
		{FECB7F29-91FB-4A50-8B9E-C563D66C53F4}.Debug|Any CPU.ActiveCfg = Debug|Any CPU
		{FECB7F29-91FB-4A50-8B9E-C563D66C53F4}.Debug|Any CPU.Build.0 = Debug|Any CPU
		{FECB7F29-91FB-4A50-8B9E-C563D66C53F4}.Release|Any CPU.ActiveCfg = Release|Any CPU
		{FECB7F29-91FB-4A50-8B9E-C563D66C53F4}.Release|Any CPU.Build.0 = Release|Any CPU
		{627A354C-4083-4B6C-B70A-7C99C82BA075}.Debug|Any CPU.ActiveCfg = Debug|Any CPU
		{627A354C-4083-4B6C-B70A-7C99C82BA075}.Debug|Any CPU.Build.0 = Debug|Any CPU
		{627A354C-4083-4B6C-B70A-7C99C82BA075}.Release|Any CPU.ActiveCfg = Release|Any CPU
		{627A354C-4083-4B6C-B70A-7C99C82BA075}.Release|Any CPU.Build.0 = Release|Any CPU
		{122EC922-3117-4290-8CEA-A3AF30EDDDF0}.Debug|Any CPU.ActiveCfg = Debug|Any CPU
		{122EC922-3117-4290-8CEA-A3AF30EDDDF0}.Debug|Any CPU.Build.0 = Debug|Any CPU
		{122EC922-3117-4290-8CEA-A3AF30EDDDF0}.Release|Any CPU.ActiveCfg = Release|Any CPU
		{122EC922-3117-4290-8CEA-A3AF30EDDDF0}.Release|Any CPU.Build.0 = Release|Any CPU
		{4E44FC43-3CF1-422F-974F-1BAF7F3E131D}.Debug|Any CPU.ActiveCfg = Debug|Any CPU
		{4E44FC43-3CF1-422F-974F-1BAF7F3E131D}.Debug|Any CPU.Build.0 = Debug|Any CPU
		{4E44FC43-3CF1-422F-974F-1BAF7F3E131D}.Release|Any CPU.ActiveCfg = Release|Any CPU
		{4E44FC43-3CF1-422F-974F-1BAF7F3E131D}.Release|Any CPU.Build.0 = Release|Any CPU
		{5FAB3D2E-53C5-4006-A105-FBDA24B227F6}.Debug|Any CPU.ActiveCfg = Debug|Any CPU
		{5FAB3D2E-53C5-4006-A105-FBDA24B227F6}.Debug|Any CPU.Build.0 = Debug|Any CPU
		{5FAB3D2E-53C5-4006-A105-FBDA24B227F6}.Release|Any CPU.ActiveCfg = Release|Any CPU
		{5FAB3D2E-53C5-4006-A105-FBDA24B227F6}.Release|Any CPU.Build.0 = Release|Any CPU
		{0043F145-FA33-4A00-AFBA-5B260F514D89}.Debug|Any CPU.ActiveCfg = Debug|Any CPU
		{0043F145-FA33-4A00-AFBA-5B260F514D89}.Debug|Any CPU.Build.0 = Debug|Any CPU
		{0043F145-FA33-4A00-AFBA-5B260F514D89}.Release|Any CPU.ActiveCfg = Release|Any CPU
		{0043F145-FA33-4A00-AFBA-5B260F514D89}.Release|Any CPU.Build.0 = Release|Any CPU
	EndGlobalSection
	GlobalSection(SolutionProperties) = preSolution
		HideSolutionNode = FALSE
	EndGlobalSection
	GlobalSection(NestedProjects) = preSolution
		{5784F713-7556-48DB-AE5B-1441A7725146} = {58950080-090D-46DF-9112-0196752A88C1}
		{3B5CD9C9-4952-4827-AFAF-A7FA6A7195D5} = {58950080-090D-46DF-9112-0196752A88C1}
		{AD26C8BC-50D7-4DBF-AA1C-063727ED4266} = {58950080-090D-46DF-9112-0196752A88C1}
		{1288AB14-8A9E-40D6-B8AA-0CB808FA3EF8} = {58950080-090D-46DF-9112-0196752A88C1}
		{AEF5BC8D-D7D9-4372-A750-4B2DA48A9ECA} = {58950080-090D-46DF-9112-0196752A88C1}
		{8109894A-9E5E-429A-9CAB-9D6073BA7602} = {58950080-090D-46DF-9112-0196752A88C1}
		{E02685AC-3156-49D4-AAA0-5BD6737465F3} = {58950080-090D-46DF-9112-0196752A88C1}
		{24E2BCA5-9D41-4113-9AA3-38BB05666884} = {58950080-090D-46DF-9112-0196752A88C1}
		{1B954A55-BED5-4193-905B-FB71380A9E5A} = {58950080-090D-46DF-9112-0196752A88C1}
		{0AE908D3-4977-4B0B-82AA-7EA3DEC3F705} = {58950080-090D-46DF-9112-0196752A88C1}
		{B6C762FC-A5EC-46E3-A4AE-EAC37843A65C} = {58950080-090D-46DF-9112-0196752A88C1}
		{6CC19293-85EF-41E1-A990-6216C2D849F4} = {58950080-090D-46DF-9112-0196752A88C1}
		{4D8CDF48-EF26-4A4A-A2F2-829578E33FAC} = {98F07B9C-44DD-407A-A019-486DBA1DF1BF}
		{447012A5-C6D3-4197-9653-F701A128392A} = {98F07B9C-44DD-407A-A019-486DBA1DF1BF}
		{F194FE5B-D8A1-4E9F-A4FD-25DC756A05A0} = {98F07B9C-44DD-407A-A019-486DBA1DF1BF}
		{C5FB90CA-53F7-4480-BBED-A5E8E711B337} = {98F07B9C-44DD-407A-A019-486DBA1DF1BF}
		{F6EC8561-CE63-45F1-A1B4-9FF8E4BD8FCB} = {98F07B9C-44DD-407A-A019-486DBA1DF1BF}
		{2335072E-82D4-497B-9938-8E0EE1433B8F} = {98F07B9C-44DD-407A-A019-486DBA1DF1BF}
		{F3159312-1AF2-47C5-A14D-16202B73029B} = {98F07B9C-44DD-407A-A019-486DBA1DF1BF}
		{61B49A10-47EF-43CE-9B1B-F3CD92604EE6} = {1D09765B-7C08-41F8-8A73-FCE95DC5520D}
		{427D8950-ED3E-4877-BCB9-E91C62299229} = {1D09765B-7C08-41F8-8A73-FCE95DC5520D}
		{17B691E4-1C10-494B-8868-0BBB36469D96} = {1D09765B-7C08-41F8-8A73-FCE95DC5520D}
		{C09E3CB2-63B9-43F7-9672-A2C39B50D848} = {1D09765B-7C08-41F8-8A73-FCE95DC5520D}
		{0BF50AE5-0D69-4A03-867B-E569561422BD} = {1D09765B-7C08-41F8-8A73-FCE95DC5520D}
		{BFDDD623-730C-40AF-8891-D6410C2CB522} = {1D09765B-7C08-41F8-8A73-FCE95DC5520D}
		{CEF396F4-B9F5-449D-A71B-5274973DBB3D} = {1D09765B-7C08-41F8-8A73-FCE95DC5520D}
		{09F47C7C-6C62-43D2-A620-8A47B236D799} = {1D09765B-7C08-41F8-8A73-FCE95DC5520D}
		{270A363A-5585-4438-9DA2-6B93BEFE2075} = {1D09765B-7C08-41F8-8A73-FCE95DC5520D}
		{4150E9D3-A0CF-4D9C-8857-418D2C5A01AC} = {1D09765B-7C08-41F8-8A73-FCE95DC5520D}
		{4561C8F1-14D4-4562-869B-C7B582A4985E} = {83FF01D5-0410-48B7-A0A8-3D5241F2141F}
		{FECB7F29-91FB-4A50-8B9E-C563D66C53F4} = {83FF01D5-0410-48B7-A0A8-3D5241F2141F}
		{627A354C-4083-4B6C-B70A-7C99C82BA075} = {83FF01D5-0410-48B7-A0A8-3D5241F2141F}
		{122EC922-3117-4290-8CEA-A3AF30EDDDF0} = {83FF01D5-0410-48B7-A0A8-3D5241F2141F}
		{4E44FC43-3CF1-422F-974F-1BAF7F3E131D} = {83FF01D5-0410-48B7-A0A8-3D5241F2141F}
		{5FAB3D2E-53C5-4006-A105-FBDA24B227F6} = {83FF01D5-0410-48B7-A0A8-3D5241F2141F}
		{0043F145-FA33-4A00-AFBA-5B260F514D89} = {83FF01D5-0410-48B7-A0A8-3D5241F2141F}
	EndGlobalSection
	GlobalSection(ExtensibilityGlobals) = postSolution
		SolutionGuid = {FE72E3CF-6FEF-447D-B6FD-8734CAF6101F}
	EndGlobalSection
EndGlobal
