
Microsoft Visual Studio Solution File, Format Version 12.00
# Visual Studio Version 17
VisualStudioVersion = 17.7.34221.43
MinimumVisualStudioVersion = 10.0.40219.1
Project("{FAE04EC0-301F-11D3-BF4B-00C04F79EFBC}") = "Challenge_2", "Challenge_2.csproj", "{A8E186AD-F9B4-46AF-9DF0-EA1B59898D90}"
EndProject
Global
	GlobalSection(SolutionConfigurationPlatforms) = preSolution
		Debug|Any CPU = Debug|Any CPU
		Release|Any CPU = Release|Any CPU
	EndGlobalSection
	GlobalSection(ProjectConfigurationPlatforms) = postSolution
		{A8E186AD-F9B4-46AF-9DF0-EA1B59898D90}.Debug|Any CPU.ActiveCfg = Debug|Any CPU
		{A8E186AD-F9B4-46AF-9DF0-EA1B59898D90}.Debug|Any CPU.Build.0 = Debug|Any CPU
		{A8E186AD-F9B4-46AF-9DF0-EA1B59898D90}.Release|Any CPU.ActiveCfg = Release|Any CPU
		{A8E186AD-F9B4-46AF-9DF0-EA1B59898D90}.Release|Any CPU.Build.0 = Release|Any CPU
	EndGlobalSection
	GlobalSection(SolutionProperties) = preSolution
		HideSolutionNode = FALSE
	EndGlobalSection
	GlobalSection(ExtensibilityGlobals) = postSolution
		SolutionGuid = {8364E627-5DB0-40B5-9A22-8B66EB3181AB}
	EndGlobalSection
EndGlobal
