
Microsoft Visual Studio Solution File, Format Version 12.00
# Visual Studio Version 17
VisualStudioVersion = 17.7.34221.43
MinimumVisualStudioVersion = 10.0.40219.1
Project("{FAE04EC0-301F-11D3-BF4B-00C04F79EFBC}") = "challenge_6", "challenge_6.csproj", "{96597BCF-047B-4B1A-B518-980B89410F4E}"
EndProject
Global
	GlobalSection(SolutionConfigurationPlatforms) = preSolution
		Debug|Any CPU = Debug|Any CPU
		Release|Any CPU = Release|Any CPU
	EndGlobalSection
	GlobalSection(ProjectConfigurationPlatforms) = postSolution
		{96597BCF-047B-4B1A-B518-980B89410F4E}.Debug|Any CPU.ActiveCfg = Debug|Any CPU
		{96597BCF-047B-4B1A-B518-980B89410F4E}.Debug|Any CPU.Build.0 = Debug|Any CPU
		{96597BCF-047B-4B1A-B518-980B89410F4E}.Release|Any CPU.ActiveCfg = Release|Any CPU
		{96597BCF-047B-4B1A-B518-980B89410F4E}.Release|Any CPU.Build.0 = Release|Any CPU
	EndGlobalSection
	GlobalSection(SolutionProperties) = preSolution
		HideSolutionNode = FALSE
	EndGlobalSection
	GlobalSection(ExtensibilityGlobals) = postSolution
		SolutionGuid = {14F11212-FEE8-4F5A-9F40-AED72FE1801D}
	EndGlobalSection
EndGlobal
