
Microsoft Visual Studio Solution File, Format Version 12.00
# Visual Studio Version 17
VisualStudioVersion = 17.8.34330.188
MinimumVisualStudioVersion = 10.0.40219.1
Project("{FAE04EC0-301F-11D3-BF4B-00C04F79EFBC}") = "LoginUser", "LoginUser.csproj", "{DB2EF561-17E4-4193-AF29-F3475CAF6D8C}"
EndProject
Global
	GlobalSection(SolutionConfigurationPlatforms) = preSolution
		Debug|Any CPU = Debug|Any CPU
		Release|Any CPU = Release|Any CPU
	EndGlobalSection
	GlobalSection(ProjectConfigurationPlatforms) = postSolution
		{DB2EF561-17E4-4193-AF29-F3475CAF6D8C}.Debug|Any CPU.ActiveCfg = Debug|Any CPU
		{DB2EF561-17E4-4193-AF29-F3475CAF6D8C}.Debug|Any CPU.Build.0 = Debug|Any CPU
		{DB2EF561-17E4-4193-AF29-F3475CAF6D8C}.Release|Any CPU.ActiveCfg = Release|Any CPU
		{DB2EF561-17E4-4193-AF29-F3475CAF6D8C}.Release|Any CPU.Build.0 = Release|Any CPU
	EndGlobalSection
	GlobalSection(SolutionProperties) = preSolution
		HideSolutionNode = FALSE
	EndGlobalSection
	GlobalSection(ExtensibilityGlobals) = postSolution
		SolutionGuid = {AEAD7AA5-07EF-48B1-BBFA-9E775612A056}
	EndGlobalSection
EndGlobal
