
Microsoft Visual Studio Solution File, Format Version 12.00
# Visual Studio Version 17
VisualStudioVersion = 17.8.34330.188
MinimumVisualStudioVersion = 10.0.40219.1
Project("{FAE04EC0-301F-11D3-BF4B-00C04F79EFBC}") = "LoginApp", "LoginApp.csproj", "{C163881B-F022-4F4F-AF44-8BEDAA4C67A5}"
EndProject
Global
	GlobalSection(SolutionConfigurationPlatforms) = preSolution
		Debug|Any CPU = Debug|Any CPU
		Release|Any CPU = Release|Any CPU
	EndGlobalSection
	GlobalSection(ProjectConfigurationPlatforms) = postSolution
		{C163881B-F022-4F4F-AF44-8BEDAA4C67A5}.Debug|Any CPU.ActiveCfg = Debug|Any CPU
		{C163881B-F022-4F4F-AF44-8BEDAA4C67A5}.Debug|Any CPU.Build.0 = Debug|Any CPU
		{C163881B-F022-4F4F-AF44-8BEDAA4C67A5}.Release|Any CPU.ActiveCfg = Release|Any CPU
		{C163881B-F022-4F4F-AF44-8BEDAA4C67A5}.Release|Any CPU.Build.0 = Release|Any CPU
	EndGlobalSection
	GlobalSection(SolutionProperties) = preSolution
		HideSolutionNode = FALSE
	EndGlobalSection
	GlobalSection(ExtensibilityGlobals) = postSolution
		SolutionGuid = {0CFF3775-F3DB-4CEF-96D2-51BECD7012C5}
	EndGlobalSection
EndGlobal
