
Microsoft Visual Studio Solution File, Format Version 12.00
# Visual Studio Version 17
VisualStudioVersion = 17.8.34330.188
MinimumVisualStudioVersion = 10.0.40219.1
Project("{FAE04EC0-301F-11D3-BF4B-00C04F79EFBC}") = "Simple_Inheritance", "Simple_Inheritance.csproj", "{19B2BDAB-4422-45B8-8C73-B33E640F0513}"
EndProject
Global
	GlobalSection(SolutionConfigurationPlatforms) = preSolution
		Debug|Any CPU = Debug|Any CPU
		Release|Any CPU = Release|Any CPU
	EndGlobalSection
	GlobalSection(ProjectConfigurationPlatforms) = postSolution
		{19B2BDAB-4422-45B8-8C73-B33E640F0513}.Debug|Any CPU.ActiveCfg = Debug|Any CPU
		{19B2BDAB-4422-45B8-8C73-B33E640F0513}.Debug|Any CPU.Build.0 = Debug|Any CPU
		{19B2BDAB-4422-45B8-8C73-B33E640F0513}.Release|Any CPU.ActiveCfg = Release|Any CPU
		{19B2BDAB-4422-45B8-8C73-B33E640F0513}.Release|Any CPU.Build.0 = Release|Any CPU
	EndGlobalSection
	GlobalSection(SolutionProperties) = preSolution
		HideSolutionNode = FALSE
	EndGlobalSection
	GlobalSection(ExtensibilityGlobals) = postSolution
		SolutionGuid = {4402338C-2DBB-4A20-99A9-6E88FED8D7C4}
	EndGlobalSection
EndGlobal
