
Microsoft Visual Studio Solution File, Format Version 12.00
# Visual Studio Version 17
VisualStudioVersion = 17.8.34330.188
MinimumVisualStudioVersion = 10.0.40219.1
Project("{FAE04EC0-301F-11D3-BF4B-00C04F79EFBC}") = "Virtual_Override", "Virtual_Override.csproj", "{5A3DC78E-5C2E-4477-8BA6-4DD7B8363F85}"
EndProject
Global
	GlobalSection(SolutionConfigurationPlatforms) = preSolution
		Debug|Any CPU = Debug|Any CPU
		Release|Any CPU = Release|Any CPU
	EndGlobalSection
	GlobalSection(ProjectConfigurationPlatforms) = postSolution
		{5A3DC78E-5C2E-4477-8BA6-4DD7B8363F85}.Debug|Any CPU.ActiveCfg = Debug|Any CPU
		{5A3DC78E-5C2E-4477-8BA6-4DD7B8363F85}.Debug|Any CPU.Build.0 = Debug|Any CPU
		{5A3DC78E-5C2E-4477-8BA6-4DD7B8363F85}.Release|Any CPU.ActiveCfg = Release|Any CPU
		{5A3DC78E-5C2E-4477-8BA6-4DD7B8363F85}.Release|Any CPU.Build.0 = Release|Any CPU
	EndGlobalSection
	GlobalSection(SolutionProperties) = preSolution
		HideSolutionNode = FALSE
	EndGlobalSection
	GlobalSection(ExtensibilityGlobals) = postSolution
		SolutionGuid = {8AD1236F-02CB-48E1-A359-A7E8830A2384}
	EndGlobalSection
EndGlobal
