
Microsoft Visual Studio Solution File, Format Version 12.00
# Visual Studio Version 17
VisualStudioVersion = 17.7.34221.43
MinimumVisualStudioVersion = 10.0.40219.1
Project("{FAE04EC0-301F-11D3-BF4B-00C04F79EFBC}") = "Members_Destructors", "Members_Destructors.csproj", "{792FD3E1-D662-4665-A7D8-21666A984851}"
EndProject
Global
	GlobalSection(SolutionConfigurationPlatforms) = preSolution
		Debug|Any CPU = Debug|Any CPU
		Release|Any CPU = Release|Any CPU
	EndGlobalSection
	GlobalSection(ProjectConfigurationPlatforms) = postSolution
		{792FD3E1-D662-4665-A7D8-21666A984851}.Debug|Any CPU.ActiveCfg = Debug|Any CPU
		{792FD3E1-D662-4665-A7D8-21666A984851}.Debug|Any CPU.Build.0 = Debug|Any CPU
		{792FD3E1-D662-4665-A7D8-21666A984851}.Release|Any CPU.ActiveCfg = Release|Any CPU
		{792FD3E1-D662-4665-A7D8-21666A984851}.Release|Any CPU.Build.0 = Release|Any CPU
	EndGlobalSection
	GlobalSection(SolutionProperties) = preSolution
		HideSolutionNode = FALSE
	EndGlobalSection
	GlobalSection(ExtensibilityGlobals) = postSolution
		SolutionGuid = {53BEFE3D-55D9-46DE-9967-6507537D6590}
	EndGlobalSection
EndGlobal
