
Microsoft Visual Studio Solution File, Format Version 12.00
# Visual Studio Version 17
VisualStudioVersion = 17.7.34221.43
MinimumVisualStudioVersion = 10.0.40219.1
Project("{FAE04EC0-301F-11D3-BF4B-00C04F79EFBC}") = "Challenge_1", "Challenge_1.csproj", "{47CDFF65-EFF2-4834-BCF4-C3A556CB9075}"
EndProject
Global
	GlobalSection(SolutionConfigurationPlatforms) = preSolution
		Debug|Any CPU = Debug|Any CPU
		Release|Any CPU = Release|Any CPU
	EndGlobalSection
	GlobalSection(ProjectConfigurationPlatforms) = postSolution
		{47CDFF65-EFF2-4834-BCF4-C3A556CB9075}.Debug|Any CPU.ActiveCfg = Debug|Any CPU
		{47CDFF65-EFF2-4834-BCF4-C3A556CB9075}.Debug|Any CPU.Build.0 = Debug|Any CPU
		{47CDFF65-EFF2-4834-BCF4-C3A556CB9075}.Release|Any CPU.ActiveCfg = Release|Any CPU
		{47CDFF65-EFF2-4834-BCF4-C3A556CB9075}.Release|Any CPU.Build.0 = Release|Any CPU
	EndGlobalSection
	GlobalSection(SolutionProperties) = preSolution
		HideSolutionNode = FALSE
	EndGlobalSection
	GlobalSection(ExtensibilityGlobals) = postSolution
		SolutionGuid = {54E84EB7-9393-4485-8FF9-F0717DECD814}
	EndGlobalSection
EndGlobal
