
Microsoft Visual Studio Solution File, Format Version 12.00
# Visual Studio Version 17
VisualStudioVersion = 17.8.34330.188
MinimumVisualStudioVersion = 10.0.40219.1
Project("{FAE04EC0-301F-11D3-BF4B-00C04F79EFBC}") = "Zoo Management", "Zoo Management.csproj", "{EFE95578-3399-4107-B2C7-B9DECE5C6FEB}"
EndProject
Global
	GlobalSection(SolutionConfigurationPlatforms) = preSolution
		Debug|Any CPU = Debug|Any CPU
		Release|Any CPU = Release|Any CPU
	EndGlobalSection
	GlobalSection(ProjectConfigurationPlatforms) = postSolution
		{EFE95578-3399-4107-B2C7-B9DECE5C6FEB}.Debug|Any CPU.ActiveCfg = Debug|Any CPU
		{EFE95578-3399-4107-B2C7-B9DECE5C6FEB}.Debug|Any CPU.Build.0 = Debug|Any CPU
		{EFE95578-3399-4107-B2C7-B9DECE5C6FEB}.Release|Any CPU.ActiveCfg = Release|Any CPU
		{EFE95578-3399-4107-B2C7-B9DECE5C6FEB}.Release|Any CPU.Build.0 = Release|Any CPU
	EndGlobalSection
	GlobalSection(SolutionProperties) = preSolution
		HideSolutionNode = FALSE
	EndGlobalSection
	GlobalSection(ExtensibilityGlobals) = postSolution
		SolutionGuid = {4213D931-FEDD-4005-9ACA-9B9944D527AD}
	EndGlobalSection
EndGlobal
