
Microsoft Visual Studio Solution File, Format Version 12.00
# Visual Studio Version 17
VisualStudioVersion = 17.7.34221.43
MinimumVisualStudioVersion = 10.0.40219.1
Project("{FAE04EC0-301F-11D3-BF4B-00C04F79EFBC}") = "MultiDimension_Array", "MultiDimension_Array.csproj", "{FC644EB4-1BD8-4DFD-90F2-4AA9627F73C9}"
EndProject
Global
	GlobalSection(SolutionConfigurationPlatforms) = preSolution
		Debug|Any CPU = Debug|Any CPU
		Release|Any CPU = Release|Any CPU
	EndGlobalSection
	GlobalSection(ProjectConfigurationPlatforms) = postSolution
		{FC644EB4-1BD8-4DFD-90F2-4AA9627F73C9}.Debug|Any CPU.ActiveCfg = Debug|Any CPU
		{FC644EB4-1BD8-4DFD-90F2-4AA9627F73C9}.Debug|Any CPU.Build.0 = Debug|Any CPU
		{FC644EB4-1BD8-4DFD-90F2-4AA9627F73C9}.Release|Any CPU.ActiveCfg = Release|Any CPU
		{FC644EB4-1BD8-4DFD-90F2-4AA9627F73C9}.Release|Any CPU.Build.0 = Release|Any CPU
	EndGlobalSection
	GlobalSection(SolutionProperties) = preSolution
		HideSolutionNode = FALSE
	EndGlobalSection
	GlobalSection(ExtensibilityGlobals) = postSolution
		SolutionGuid = {B7033774-0D5F-4B72-8BB3-A22804E33B22}
	EndGlobalSection
EndGlobal
