
Microsoft Visual Studio Solution File, Format Version 12.00
# Visual Studio Version 17
VisualStudioVersion = 17.7.34221.43
MinimumVisualStudioVersion = 10.0.40219.1
Project("{FAE04EC0-301F-11D3-BF4B-00C04F79EFBC}") = "TicTacToe", "TicTacToe.csproj", "{0706DDC7-BC82-4818-B702-06CB9A8BD793}"
EndProject
Global
	GlobalSection(SolutionConfigurationPlatforms) = preSolution
		Debug|Any CPU = Debug|Any CPU
		Release|Any CPU = Release|Any CPU
	EndGlobalSection
	GlobalSection(ProjectConfigurationPlatforms) = postSolution
		{0706DDC7-BC82-4818-B702-06CB9A8BD793}.Debug|Any CPU.ActiveCfg = Debug|Any CPU
		{0706DDC7-BC82-4818-B702-06CB9A8BD793}.Debug|Any CPU.Build.0 = Debug|Any CPU
		{0706DDC7-BC82-4818-B702-06CB9A8BD793}.Release|Any CPU.ActiveCfg = Release|Any CPU
		{0706DDC7-BC82-4818-B702-06CB9A8BD793}.Release|Any CPU.Build.0 = Release|Any CPU
	EndGlobalSection
	GlobalSection(SolutionProperties) = preSolution
		HideSolutionNode = FALSE
	EndGlobalSection
	GlobalSection(ExtensibilityGlobals) = postSolution
		SolutionGuid = {081D8D20-161E-4AB8-9BC4-95F919EA30D8}
	EndGlobalSection
EndGlobal
