
Microsoft Visual Studio Solution File, Format Version 12.00
# Visual Studio Version 17
VisualStudioVersion = 17.7.34221.43
MinimumVisualStudioVersion = 10.0.40219.1
Project("{FAE04EC0-301F-11D3-BF4B-00C04F79EFBC}") = "Loop_2DArray", "Loop_2DArray.csproj", "{DEF0FA90-B7B6-4344-A9A8-40EE5497DB04}"
EndProject
Global
	GlobalSection(SolutionConfigurationPlatforms) = preSolution
		Debug|Any CPU = Debug|Any CPU
		Release|Any CPU = Release|Any CPU
	EndGlobalSection
	GlobalSection(ProjectConfigurationPlatforms) = postSolution
		{DEF0FA90-B7B6-4344-A9A8-40EE5497DB04}.Debug|Any CPU.ActiveCfg = Debug|Any CPU
		{DEF0FA90-B7B6-4344-A9A8-40EE5497DB04}.Debug|Any CPU.Build.0 = Debug|Any CPU
		{DEF0FA90-B7B6-4344-A9A8-40EE5497DB04}.Release|Any CPU.ActiveCfg = Release|Any CPU
		{DEF0FA90-B7B6-4344-A9A8-40EE5497DB04}.Release|Any CPU.Build.0 = Release|Any CPU
	EndGlobalSection
	GlobalSection(SolutionProperties) = preSolution
		HideSolutionNode = FALSE
	EndGlobalSection
	GlobalSection(ExtensibilityGlobals) = postSolution
		SolutionGuid = {849375B7-C1E9-4286-8D61-563F1AC0E118}
	EndGlobalSection
EndGlobal
